
Microsoft Visual Studio Solution File, Format Version 12.00
# Visual Studio Version 17
VisualStudioVersion = 17.13.35931.197 d17.13
MinimumVisualStudioVersion = 10.0.40219.1
Project("{FAE04EC0-301F-11D3-BF4B-00C04F79EFBC}") = "ejecutable", "ejecutable\ejecutable.csproj", "{B171485F-9B92-42CF-BC7D-6FA41171BEEC}"
EndProject
Project("{FAE04EC0-301F-11D3-BF4B-00C04F79EFBC}") = "clases_Metodos", "clases_Metodos\clases_Metodos.csproj", "{D6886ED0-507F-4ECD-904A-10E1A18653DD}"
EndProject
Global
	GlobalSection(SolutionConfigurationPlatforms) = preSolution
		Debug|Any CPU = Debug|Any CPU
		Release|Any CPU = Release|Any CPU
	EndGlobalSection
	GlobalSection(ProjectConfigurationPlatforms) = postSolution
		{B171485F-9B92-42CF-BC7D-6FA41171BEEC}.Debug|Any CPU.ActiveCfg = Debug|Any CPU
		{B171485F-9B92-42CF-BC7D-6FA41171BEEC}.Debug|Any CPU.Build.0 = Debug|Any CPU
		{B171485F-9B92-42CF-BC7D-6FA41171BEEC}.Release|Any CPU.ActiveCfg = Release|Any CPU
		{B171485F-9B92-42CF-BC7D-6FA41171BEEC}.Release|Any CPU.Build.0 = Release|Any CPU
		{D6886ED0-507F-4ECD-904A-10E1A18653DD}.Debug|Any CPU.ActiveCfg = Debug|Any CPU
		{D6886ED0-507F-4ECD-904A-10E1A18653DD}.Debug|Any CPU.Build.0 = Debug|Any CPU
		{D6886ED0-507F-4ECD-904A-10E1A18653DD}.Release|Any CPU.ActiveCfg = Release|Any CPU
		{D6886ED0-507F-4ECD-904A-10E1A18653DD}.Release|Any CPU.Build.0 = Release|Any CPU
	EndGlobalSection
	GlobalSection(SolutionProperties) = preSolution
		HideSolutionNode = FALSE
	EndGlobalSection
	GlobalSection(ExtensibilityGlobals) = postSolution
		SolutionGuid = {26490CE2-17CF-4FAD-8021-EE9419F857AB}
	EndGlobalSection
EndGlobal
